
Microsoft Visual Studio Solution File, Format Version 12.00
# Visual Studio Version 16
VisualStudioVersion = 16.0.31911.196
MinimumVisualStudioVersion = 10.0.40219.1
Project("{9A19103F-16F7-4668-BE54-9A1E7A4F7556}") = "Testing2021", "Testing2021.csproj", "{76B46105-64C0-4589-9C06-3B9D9AC40F2A}"
EndProject
Global
	GlobalSection(SolutionConfigurationPlatforms) = preSolution
		Debug|Any CPU = Debug|Any CPU
		Release|Any CPU = Release|Any CPU
	EndGlobalSection
	GlobalSection(ProjectConfigurationPlatforms) = postSolution
		{76B46105-64C0-4589-9C06-3B9D9AC40F2A}.Debug|Any CPU.ActiveCfg = Debug|Any CPU
		{76B46105-64C0-4589-9C06-3B9D9AC40F2A}.Debug|Any CPU.Build.0 = Debug|Any CPU
		{76B46105-64C0-4589-9C06-3B9D9AC40F2A}.Release|Any CPU.ActiveCfg = Release|Any CPU
		{76B46105-64C0-4589-9C06-3B9D9AC40F2A}.Release|Any CPU.Build.0 = Release|Any CPU
	EndGlobalSection
	GlobalSection(SolutionProperties) = preSolution
		HideSolutionNode = FALSE
	EndGlobalSection
	GlobalSection(ExtensibilityGlobals) = postSolution
		SolutionGuid = {1CA2C429-E415-4184-9832-5E95FCF0520F}
	EndGlobalSection
EndGlobal
